
Microsoft Visual Studio Solution File, Format Version 12.00
# Visual Studio Version 17
VisualStudioVersion = 17.3.32901.215
MinimumVisualStudioVersion = 10.0.40219.1
Project("{FAE04EC0-301F-11D3-BF4B-00C04F79EFBC}") = "RestaurantApi", "RestaurantApi\RestaurantApi.csproj", "{314408AC-ABCA-4E75-B86D-F8E1B9063359}"
EndProject
Global
	GlobalSection(SolutionConfigurationPlatforms) = preSolution
		Debug|Any CPU = Debug|Any CPU
		Release|Any CPU = Release|Any CPU
	EndGlobalSection
	GlobalSection(ProjectConfigurationPlatforms) = postSolution
		{314408AC-ABCA-4E75-B86D-F8E1B9063359}.Debug|Any CPU.ActiveCfg = Debug|Any CPU
		{314408AC-ABCA-4E75-B86D-F8E1B9063359}.Debug|Any CPU.Build.0 = Debug|Any CPU
		{314408AC-ABCA-4E75-B86D-F8E1B9063359}.Release|Any CPU.ActiveCfg = Release|Any CPU
		{314408AC-ABCA-4E75-B86D-F8E1B9063359}.Release|Any CPU.Build.0 = Release|Any CPU
	EndGlobalSection
	GlobalSection(SolutionProperties) = preSolution
		HideSolutionNode = FALSE
	EndGlobalSection
	GlobalSection(ExtensibilityGlobals) = postSolution
		SolutionGuid = {6810CCBF-CB61-4EAB-BF22-5C69E102ED6E}
	EndGlobalSection
EndGlobal
